
Microsoft Visual Studio Solution File, Format Version 12.00
# Visual Studio Version 17
VisualStudioVersion = 17.9.34902.65
MinimumVisualStudioVersion = 10.0.40219.1
Project("{2150E333-8FDC-42A3-9474-1A3956D46DE8}") = "src", "src", "{8CA44D4E-426D-4134-9985-EBF43096A4BE}"
EndProject
Project("{2150E333-8FDC-42A3-9474-1A3956D46DE8}") = "tests", "tests", "{294A13B4-C634-4DD2-BA18-9633D7FF394A}"
EndProject
Project("{FAE04EC0-301F-11D3-BF4B-00C04F79EFBC}") = "CurrencyCalculator.Domain", "..\CurrencyCalculator.Domain\CurrencyCalculator.Domain.csproj", "{85AE6BBD-1CEA-490E-B22F-80C2500ADC42}"
EndProject
Project("{FAE04EC0-301F-11D3-BF4B-00C04F79EFBC}") = "CurrencyCalculator.Application", "..\CurrencyCalculator.Application\CurrencyCalculator.Application.csproj", "{2FEB14CC-196C-4964-94D6-E0FEF45FC657}"
EndProject
Project("{FAE04EC0-301F-11D3-BF4B-00C04F79EFBC}") = "CurrencyCalculator.Infrastructure", "..\CurrencyCalculator.Infrastructure\CurrencyCalculator.Infrastructure.csproj", "{DFA22EB9-041E-4CAC-B713-EE96120FFE21}"
EndProject
Project("{FAE04EC0-301F-11D3-BF4B-00C04F79EFBC}") = "CurrencyCalculator.ConsoleApp", "..\CurrencyCalculator.ConsoleApp\CurrencyCalculator.ConsoleApp.csproj", "{5075670C-BF17-4BDD-AEEB-3DFF8CEB6552}"
EndProject
Project("{FAE04EC0-301F-11D3-BF4B-00C04F79EFBC}") = "CurrencyCalculator.Tests", "..\CurrencyCalculator.Tests\CurrencyCalculator.Tests.csproj", "{20328668-0F6E-4DA1-A869-469B2F868DD3}"
EndProject
Global
	GlobalSection(SolutionConfigurationPlatforms) = preSolution
		Debug|Any CPU = Debug|Any CPU
		Release|Any CPU = Release|Any CPU
	EndGlobalSection
	GlobalSection(ProjectConfigurationPlatforms) = postSolution
		{85AE6BBD-1CEA-490E-B22F-80C2500ADC42}.Debug|Any CPU.ActiveCfg = Debug|Any CPU
		{85AE6BBD-1CEA-490E-B22F-80C2500ADC42}.Debug|Any CPU.Build.0 = Debug|Any CPU
		{85AE6BBD-1CEA-490E-B22F-80C2500ADC42}.Release|Any CPU.ActiveCfg = Release|Any CPU
		{85AE6BBD-1CEA-490E-B22F-80C2500ADC42}.Release|Any CPU.Build.0 = Release|Any CPU
		{2FEB14CC-196C-4964-94D6-E0FEF45FC657}.Debug|Any CPU.ActiveCfg = Debug|Any CPU
		{2FEB14CC-196C-4964-94D6-E0FEF45FC657}.Debug|Any CPU.Build.0 = Debug|Any CPU
		{2FEB14CC-196C-4964-94D6-E0FEF45FC657}.Release|Any CPU.ActiveCfg = Release|Any CPU
		{2FEB14CC-196C-4964-94D6-E0FEF45FC657}.Release|Any CPU.Build.0 = Release|Any CPU
		{DFA22EB9-041E-4CAC-B713-EE96120FFE21}.Debug|Any CPU.ActiveCfg = Debug|Any CPU
		{DFA22EB9-041E-4CAC-B713-EE96120FFE21}.Debug|Any CPU.Build.0 = Debug|Any CPU
		{DFA22EB9-041E-4CAC-B713-EE96120FFE21}.Release|Any CPU.ActiveCfg = Release|Any CPU
		{DFA22EB9-041E-4CAC-B713-EE96120FFE21}.Release|Any CPU.Build.0 = Release|Any CPU
		{5075670C-BF17-4BDD-AEEB-3DFF8CEB6552}.Debug|Any CPU.ActiveCfg = Debug|Any CPU
		{5075670C-BF17-4BDD-AEEB-3DFF8CEB6552}.Debug|Any CPU.Build.0 = Debug|Any CPU
		{5075670C-BF17-4BDD-AEEB-3DFF8CEB6552}.Release|Any CPU.ActiveCfg = Release|Any CPU
		{5075670C-BF17-4BDD-AEEB-3DFF8CEB6552}.Release|Any CPU.Build.0 = Release|Any CPU
		{20328668-0F6E-4DA1-A869-469B2F868DD3}.Debug|Any CPU.ActiveCfg = Debug|Any CPU
		{20328668-0F6E-4DA1-A869-469B2F868DD3}.Debug|Any CPU.Build.0 = Debug|Any CPU
		{20328668-0F6E-4DA1-A869-469B2F868DD3}.Release|Any CPU.ActiveCfg = Release|Any CPU
		{20328668-0F6E-4DA1-A869-469B2F868DD3}.Release|Any CPU.Build.0 = Release|Any CPU
	EndGlobalSection
	GlobalSection(SolutionProperties) = preSolution
		HideSolutionNode = FALSE
	EndGlobalSection
	GlobalSection(NestedProjects) = preSolution
		{85AE6BBD-1CEA-490E-B22F-80C2500ADC42} = {8CA44D4E-426D-4134-9985-EBF43096A4BE}
		{2FEB14CC-196C-4964-94D6-E0FEF45FC657} = {8CA44D4E-426D-4134-9985-EBF43096A4BE}
		{DFA22EB9-041E-4CAC-B713-EE96120FFE21} = {8CA44D4E-426D-4134-9985-EBF43096A4BE}
		{5075670C-BF17-4BDD-AEEB-3DFF8CEB6552} = {8CA44D4E-426D-4134-9985-EBF43096A4BE}
		{20328668-0F6E-4DA1-A869-469B2F868DD3} = {294A13B4-C634-4DD2-BA18-9633D7FF394A}
	EndGlobalSection
	GlobalSection(ExtensibilityGlobals) = postSolution
		SolutionGuid = {EEEF769A-F79C-46EA-B415-55636651C7C0}
	EndGlobalSection
EndGlobal
